PODS:
  - ASIHTTPRequest (1.8.1)
  - CocoaAsyncSocket (0.0.1)
  - LibComponentLogging-Core (1.1.6)
  - LibComponentLogging-NSLog (1.0.4):
    - LibComponentLogging-Core (>= 1.1.6)
  - RegexKitLite (4.0)
  - RestKit/Network (0.9.3):
    - LibComponentLogging-NSLog
    - RestKit (= 0.9.3)
  - RestKit/ObjectMapping (0.9.3):
    - RestKit (= 0.9.3)
    - RestKit/Network
  - SBJson (3.0.4)

DOWNLOAD_ONLY:
  - RestKit (0.9.3)

DEPENDENCIES:
  - ASIHTTPRequest (= 1.8.1)
  - CocoaAsyncSocket (from `CocoaAsyncSocket.spec')
  - RegexKitLite (= 4.0)
  - RestKit/Network (= 0.9.3)
  - RestKit/ObjectMapping (= 0.9.3)
  - SBJson (= 3.0.4)
