// !$*UTF8*$!
{
	archiveVersion = 1;
	classes = {
	};
	objectVersion = 46;
	objects = {

/* Begin PBXBuildFile section */
		3876EDFB5B8A422CA9266BCF /* libPods.a in Frameworks */ = {isa = PBXBuildFile; fileRef = E24424ED9D2441E9929F0C9F /* libPods.a */; };
		9921BA4814AC8629000A6D5F /* NSManagedObject+ATActiveRecord.h in Headers */ = {isa = PBXBuildFile; fileRef = 9921BA4614AC8629000A6D5F /* NSManagedObject+ATActiveRecord.h */; settings = {ATTRIBUTES = (Public, ); }; };
		9921BA4914AC8629000A6D5F /* NSManagedObject+ATActiveRecord.m in Sources */ = {isa = PBXBuildFile; fileRef = 9921BA4714AC8629000A6D5F /* NSManagedObject+ATActiveRecord.m */; settings = {COMPILER_FLAGS = "-fno-objc-arc"; }; };
		9921BA5814AC9B19000A6D5F /* ATAttributeMapper.h in Headers */ = {isa = PBXBuildFile; fileRef = 9921BA5614AC9B19000A6D5F /* ATAttributeMapper.h */; settings = {ATTRIBUTES = (Public, ); }; };
		9921BA5914AC9B19000A6D5F /* ATAttributeMapper.m in Sources */ = {isa = PBXBuildFile; fileRef = 9921BA5714AC9B19000A6D5F /* ATAttributeMapper.m */; settings = {COMPILER_FLAGS = "-fno-objc-arc"; }; };
		992628D814AB999A00F0DD79 /* ATMetaContext.h in Headers */ = {isa = PBXBuildFile; fileRef = 992628D614AB999A00F0DD79 /* ATMetaContext.h */; settings = {ATTRIBUTES = (Public, ); }; };
		992628D914AB999A00F0DD79 /* ATMetaContext.m in Sources */ = {isa = PBXBuildFile; fileRef = 992628D714AB999A00F0DD79 /* ATMetaContext.m */; settings = {COMPILER_FLAGS = "-fno-objc-arc"; }; };
		992628E814AB9B4D00F0DD79 /* ATMappingHelper.h in Headers */ = {isa = PBXBuildFile; fileRef = 992628E614AB9B4D00F0DD79 /* ATMappingHelper.h */; settings = {ATTRIBUTES = (Public, ); }; };
		992628E914AB9B4D00F0DD79 /* ATMappingHelper.m in Sources */ = {isa = PBXBuildFile; fileRef = 992628E714AB9B4D00F0DD79 /* ATMappingHelper.m */; settings = {COMPILER_FLAGS = "-fno-objc-arc"; }; };
		992628EC14AB9D6400F0DD79 /* ATMessageClient.h in Headers */ = {isa = PBXBuildFile; fileRef = 992628EA14AB9D6400F0DD79 /* ATMessageClient.h */; settings = {ATTRIBUTES = (Public, ); }; };
		992628ED14AB9D6400F0DD79 /* ATMessageClient.m in Sources */ = {isa = PBXBuildFile; fileRef = 992628EB14AB9D6400F0DD79 /* ATMessageClient.m */; settings = {COMPILER_FLAGS = "-fno-objc-arc"; }; };
		9926290814ABA00600F0DD79 /* ATAppContext.h in Headers */ = {isa = PBXBuildFile; fileRef = 9926290614ABA00600F0DD79 /* ATAppContext.h */; settings = {ATTRIBUTES = (Public, ); }; };
		9926290914ABA00600F0DD79 /* ATAppContext.m in Sources */ = {isa = PBXBuildFile; fileRef = 9926290714ABA00600F0DD79 /* ATAppContext.m */; settings = {COMPILER_FLAGS = "-fno-objc-arc"; }; };
		9926290C14ABA06300F0DD79 /* ATResourceClient.h in Headers */ = {isa = PBXBuildFile; fileRef = 9926290A14ABA06300F0DD79 /* ATResourceClient.h */; settings = {ATTRIBUTES = (Public, ); }; };
		9926290D14ABA06300F0DD79 /* ATResourceClient.m in Sources */ = {isa = PBXBuildFile; fileRef = 9926290B14ABA06300F0DD79 /* ATResourceClient.m */; settings = {COMPILER_FLAGS = "-fno-objc-arc"; }; };
		99348B9314F25C4600592123 /* RKClient+ATAdditions.h in Headers */ = {isa = PBXBuildFile; fileRef = 99348B9214F25C4600592123 /* RKClient+ATAdditions.h */; };
		99348BA114F25D5200592123 /* Atmosphere.h in Headers */ = {isa = PBXBuildFile; fileRef = 99348BA014F25D5200592123 /* Atmosphere.h */; settings = {ATTRIBUTES = (Public, ); }; };
		996DABCC15797193008B18B6 /* ATObjectDeleteRequest.h in Headers */ = {isa = PBXBuildFile; fileRef = 996DABCA15797193008B18B6 /* ATObjectDeleteRequest.h */; };
		996DABCD15797193008B18B6 /* ATObjectDeleteRequest.m in Sources */ = {isa = PBXBuildFile; fileRef = 996DABCB15797193008B18B6 /* ATObjectDeleteRequest.m */; };
		997213CC14AC79490044B92B /* ATEntityFetchRequest.h in Headers */ = {isa = PBXBuildFile; fileRef = 997213CA14AC79490044B92B /* ATEntityFetchRequest.h */; settings = {ATTRIBUTES = (Public, ); }; };
		997213CD14AC79490044B92B /* ATEntityFetchRequest.m in Sources */ = {isa = PBXBuildFile; fileRef = 997213CB14AC79490044B92B /* ATEntityFetchRequest.m */; settings = {COMPILER_FLAGS = "-fno-objc-arc"; }; };
		99759EBD152B59310001DB73 /* SocketIO.h in Headers */ = {isa = PBXBuildFile; fileRef = 99759EB8152B59310001DB73 /* SocketIO.h */; };
		99759EBE152B59310001DB73 /* SocketIO.m in Sources */ = {isa = PBXBuildFile; fileRef = 99759EB9152B59310001DB73 /* SocketIO.m */; settings = {COMPILER_FLAGS = "-fno-objc-arc"; }; };
		9986E5BC145AE83800619A25 /* ATConnectionGuard.h in Headers */ = {isa = PBXBuildFile; fileRef = 9986E5BA145AE83800619A25 /* ATConnectionGuard.h */; settings = {ATTRIBUTES = (Public, ); }; };
		9986E5BD145AE83800619A25 /* ATConnectionGuard.m in Sources */ = {isa = PBXBuildFile; fileRef = 9986E5BB145AE83800619A25 /* ATConnectionGuard.m */; settings = {COMPILER_FLAGS = "-fno-objc-arc"; }; };
		999834301455AB5100F1C436 /* Cocoa.framework in Frameworks */ = {isa = PBXBuildFile; fileRef = 9998342F1455AB5100F1C436 /* Cocoa.framework */; };
		9998343A1455AB5100F1C436 /* InfoPlist.strings in Resources */ = {isa = PBXBuildFile; fileRef = 999834381455AB5100F1C436 /* InfoPlist.strings */; };
		999834501455AB6C00F1C436 /* WebSocket.h in Headers */ = {isa = PBXBuildFile; fileRef = 999834441455AB6C00F1C436 /* WebSocket.h */; settings = {ATTRIBUTES = (Public, ); }; };
		999834511455AB6C00F1C436 /* WebSocket.m in Sources */ = {isa = PBXBuildFile; fileRef = 999834451455AB6C00F1C436 /* WebSocket.m */; settings = {COMPILER_FLAGS = "-fno-objc-arc"; }; };
		999834541455AB6C00F1C436 /* ATSynchronizer.h in Headers */ = {isa = PBXBuildFile; fileRef = 999834481455AB6C00F1C436 /* ATSynchronizer.h */; settings = {ATTRIBUTES = (Public, ); }; };
		999834551455AB6C00F1C436 /* ATSynchronizer.m in Sources */ = {isa = PBXBuildFile; fileRef = 999834491455AB6C00F1C436 /* ATSynchronizer.m */; settings = {COMPILER_FLAGS = "-fno-objc-arc"; }; };
		999834561455AB6C00F1C436 /* ATMessage.h in Headers */ = {isa = PBXBuildFile; fileRef = 9998344A1455AB6C00F1C436 /* ATMessage.h */; settings = {ATTRIBUTES = (Public, ); }; };
		999834571455AB6C00F1C436 /* ATMessage.m in Sources */ = {isa = PBXBuildFile; fileRef = 9998344B1455AB6C00F1C436 /* ATMessage.m */; settings = {COMPILER_FLAGS = "-fno-objc-arc"; }; };
		9998345A1455AB6C00F1C436 /* NSManagedObject+ATAdditions.h in Headers */ = {isa = PBXBuildFile; fileRef = 9998344E1455AB6C00F1C436 /* NSManagedObject+ATAdditions.h */; settings = {ATTRIBUTES = (Public, ); }; };
		9998345B1455AB6C00F1C436 /* NSManagedObject+ATAdditions.m in Sources */ = {isa = PBXBuildFile; fileRef = 9998344F1455AB6C00F1C436 /* NSManagedObject+ATAdditions.m */; settings = {COMPILER_FLAGS = "-fno-objc-arc"; }; };
		999C96A814F6062E00595FF1 /* ATMetaObject.h in Headers */ = {isa = PBXBuildFile; fileRef = 999C96A614F6062E00595FF1 /* ATMetaObject.h */; };
		999C96A914F6062E00595FF1 /* ATMetaObject.m in Sources */ = {isa = PBXBuildFile; fileRef = 999C96A714F6062E00595FF1 /* ATMetaObject.m */; settings = {COMPILER_FLAGS = "-fno-objc-arc"; }; };
		999C96AC14F60ADD00595FF1 /* ATObjectSaveRequest.h in Headers */ = {isa = PBXBuildFile; fileRef = 999C96AA14F60ADD00595FF1 /* ATObjectSaveRequest.h */; };
		999C96AD14F60ADD00595FF1 /* ATObjectSaveRequest.m in Sources */ = {isa = PBXBuildFile; fileRef = 999C96AB14F60ADD00595FF1 /* ATObjectSaveRequest.m */; settings = {COMPILER_FLAGS = "-fno-objc-arc"; }; };
		99BDBE371483A0AD00906F37 /* RNUtil.h in Headers */ = {isa = PBXBuildFile; fileRef = 99BDBE351483A0AD00906F37 /* RNUtil.h */; settings = {ATTRIBUTES = (Public, ); }; };
		99BDBE381483A0AD00906F37 /* RNUtil.m in Sources */ = {isa = PBXBuildFile; fileRef = 99BDBE361483A0AD00906F37 /* RNUtil.m */; settings = {COMPILER_FLAGS = "-fno-objc-arc"; }; };
		99BDBE431483A0EF00906F37 /* NSData+Base64.h in Headers */ = {isa = PBXBuildFile; fileRef = 99BDBE3D1483A0EF00906F37 /* NSData+Base64.h */; settings = {ATTRIBUTES = (Public, ); }; };
		99BDBE441483A0EF00906F37 /* NSData+Base64.m in Sources */ = {isa = PBXBuildFile; fileRef = 99BDBE3E1483A0EF00906F37 /* NSData+Base64.m */; settings = {COMPILER_FLAGS = "-fno-objc-arc"; }; };
		99BDBE451483A0EF00906F37 /* NSObject+Properties.h in Headers */ = {isa = PBXBuildFile; fileRef = 99BDBE3F1483A0EF00906F37 /* NSObject+Properties.h */; settings = {ATTRIBUTES = (Public, ); }; };
		99BDBE461483A0EF00906F37 /* NSObject+Properties.m in Sources */ = {isa = PBXBuildFile; fileRef = 99BDBE401483A0EF00906F37 /* NSObject+Properties.m */; settings = {COMPILER_FLAGS = "-fno-objc-arc"; }; };
		99BDBE471483A0EF00906F37 /* NSString+PropertyKVC.h in Headers */ = {isa = PBXBuildFile; fileRef = 99BDBE411483A0EF00906F37 /* NSString+PropertyKVC.h */; settings = {ATTRIBUTES = (Public, ); }; };
		99BDBE481483A0EF00906F37 /* NSString+PropertyKVC.m in Sources */ = {isa = PBXBuildFile; fileRef = 99BDBE421483A0EF00906F37 /* NSString+PropertyKVC.m */; settings = {COMPILER_FLAGS = "-fno-objc-arc"; }; };
		99BDBE511483A0F600906F37 /* ASLMessage.h in Headers */ = {isa = PBXBuildFile; fileRef = 99BDBE491483A0F600906F37 /* ASLMessage.h */; settings = {ATTRIBUTES = (Public, ); }; };
		99BDBE521483A0F600906F37 /* ASLMessage.m in Sources */ = {isa = PBXBuildFile; fileRef = 99BDBE4A1483A0F600906F37 /* ASLMessage.m */; settings = {COMPILER_FLAGS = "-fno-objc-arc"; }; };
		99BDBE531483A0F600906F37 /* ASLogger.h in Headers */ = {isa = PBXBuildFile; fileRef = 99BDBE4B1483A0F600906F37 /* ASLogger.h */; settings = {ATTRIBUTES = (Public, ); }; };
		99BDBE541483A0F600906F37 /* ASLogger.m in Sources */ = {isa = PBXBuildFile; fileRef = 99BDBE4C1483A0F600906F37 /* ASLogger.m */; settings = {COMPILER_FLAGS = "-fno-objc-arc"; }; };
		99BDBE551483A0F600906F37 /* ASLQuery.h in Headers */ = {isa = PBXBuildFile; fileRef = 99BDBE4D1483A0F600906F37 /* ASLQuery.h */; settings = {ATTRIBUTES = (Public, ); }; };
		99BDBE561483A0F600906F37 /* ASLQuery.m in Sources */ = {isa = PBXBuildFile; fileRef = 99BDBE4E1483A0F600906F37 /* ASLQuery.m */; settings = {COMPILER_FLAGS = "-fno-objc-arc"; }; };
		99BDBE571483A0F600906F37 /* ASLResponse.h in Headers */ = {isa = PBXBuildFile; fileRef = 99BDBE4F1483A0F600906F37 /* ASLResponse.h */; settings = {ATTRIBUTES = (Public, ); }; };
		99BDBE581483A0F600906F37 /* ASLResponse.m in Sources */ = {isa = PBXBuildFile; fileRef = 99BDBE501483A0F600906F37 /* ASLResponse.m */; settings = {COMPILER_FLAGS = "-fno-objc-arc"; }; };
		99BDBE5B1483A10000906F37 /* b64.h in Headers */ = {isa = PBXBuildFile; fileRef = 99BDBE591483A10000906F37 /* b64.h */; settings = {ATTRIBUTES = (Public, ); }; };
		99BDBE5C1483A10000906F37 /* b64.m in Sources */ = {isa = PBXBuildFile; fileRef = 99BDBE5A1483A10000906F37 /* b64.m */; settings = {COMPILER_FLAGS = "-fno-objc-arc"; }; };
		99C752A714F2899900F543B0 /* ATObjectURI.h in Headers */ = {isa = PBXBuildFile; fileRef = 99C752A614F2899900F543B0 /* ATObjectURI.h */; settings = {ATTRIBUTES = (Public, ); }; };
		99C752B514F28AB200F543B0 /* ATObjectURI.m in Sources */ = {isa = PBXBuildFile; fileRef = 99C752B414F28AB200F543B0 /* ATObjectURI.m */; settings = {COMPILER_FLAGS = "-fno-objc-arc"; }; };
		99E8987D14A9CA2F001A1D60 /* libz.1.2.3.dylib in Frameworks */ = {isa = PBXBuildFile; fileRef = 99E8987C14A9CA2F001A1D60 /* libz.1.2.3.dylib */; };
		99E8987F14A9CA73001A1D60 /* libicucore.dylib in Frameworks */ = {isa = PBXBuildFile; fileRef = 99E8987E14A9CA72001A1D60 /* libicucore.dylib */; };
		99E8988114A9CA93001A1D60 /* SystemConfiguration.framework in Frameworks */ = {isa = PBXBuildFile; fileRef = 99E8988014A9CA93001A1D60 /* SystemConfiguration.framework */; };
		99EDD24315795B8B00A748CB /* CoreData.framework in Frameworks */ = {isa = PBXBuildFile; fileRef = 99EDD24215795B8B00A748CB /* CoreData.framework */; };
		99EDD25015795E6900A748CB /* NSString+ATAdditions.h in Headers */ = {isa = PBXBuildFile; fileRef = 99EDD24E15795E6900A748CB /* NSString+ATAdditions.h */; };
		99EDD25115795E6900A748CB /* NSString+ATAdditions.m in Sources */ = {isa = PBXBuildFile; fileRef = 99EDD24F15795E6900A748CB /* NSString+ATAdditions.m */; };
/* End PBXBuildFile section */

/* Begin PBXCopyFilesBuildPhase section */
		991DBC981477B9DE00E084C5 /* CopyFiles */ = {
			isa = PBXCopyFilesBuildPhase;
			buildActionMask = 12;
			dstPath = "";
			dstSubfolderSpec = 10;
			files = (
			);
			runOnlyForDeploymentPostprocessing = 0;
		};
/* End PBXCopyFilesBuildPhase section */

/* Begin PBXFileReference section */
		1688AB4DEFDF4E1A98C893CD /* Pods.xcconfig */ = {isa = PBXFileReference; lastKnownFileType = text.xcconfig; name = Pods.xcconfig; path = Pods/Pods.xcconfig; sourceTree = SOURCE_ROOT; };
		99112958152B7D5500634371 /* Security.framework */ = {isa = PBXFileReference; lastKnownFileType = wrapper.framework; name = Security.framework; path = SDKs/MacOSX10.6.sdk/System/Library/Frameworks/Security.framework; sourceTree = DEVELOPER_DIR; };
		9921BA4614AC8629000A6D5F /* NSManagedObject+ATActiveRecord.h */ = {isa = PBXFileReference; fileEncoding = 4; lastKnownFileType = sourcecode.c.h; path = "NSManagedObject+ATActiveRecord.h"; sourceTree = "<group>"; };
		9921BA4714AC8629000A6D5F /* NSManagedObject+ATActiveRecord.m */ = {isa = PBXFileReference; fileEncoding = 4; lastKnownFileType = sourcecode.c.objc; path = "NSManagedObject+ATActiveRecord.m"; sourceTree = "<group>"; };
		9921BA5614AC9B19000A6D5F /* ATAttributeMapper.h */ = {isa = PBXFileReference; fileEncoding = 4; lastKnownFileType = sourcecode.c.h; path = ATAttributeMapper.h; sourceTree = "<group>"; };
		9921BA5714AC9B19000A6D5F /* ATAttributeMapper.m */ = {isa = PBXFileReference; fileEncoding = 4; lastKnownFileType = sourcecode.c.objc; path = ATAttributeMapper.m; sourceTree = "<group>"; };
		992628D614AB999A00F0DD79 /* ATMetaContext.h */ = {isa = PBXFileReference; fileEncoding = 4; lastKnownFileType = sourcecode.c.h; path = ATMetaContext.h; sourceTree = "<group>"; };
		992628D714AB999A00F0DD79 /* ATMetaContext.m */ = {isa = PBXFileReference; fileEncoding = 4; lastKnownFileType = sourcecode.c.objc; path = ATMetaContext.m; sourceTree = "<group>"; };
		992628E614AB9B4D00F0DD79 /* ATMappingHelper.h */ = {isa = PBXFileReference; fileEncoding = 4; lastKnownFileType = sourcecode.c.h; path = ATMappingHelper.h; sourceTree = "<group>"; };
		992628E714AB9B4D00F0DD79 /* ATMappingHelper.m */ = {isa = PBXFileReference; fileEncoding = 4; lastKnownFileType = sourcecode.c.objc; path = ATMappingHelper.m; sourceTree = "<group>"; };
		992628EA14AB9D6400F0DD79 /* ATMessageClient.h */ = {isa = PBXFileReference; fileEncoding = 4; lastKnownFileType = sourcecode.c.h; path = ATMessageClient.h; sourceTree = "<group>"; };
		992628EB14AB9D6400F0DD79 /* ATMessageClient.m */ = {isa = PBXFileReference; fileEncoding = 4; lastKnownFileType = sourcecode.c.objc; path = ATMessageClient.m; sourceTree = "<group>"; };
		9926290614ABA00600F0DD79 /* ATAppContext.h */ = {isa = PBXFileReference; fileEncoding = 4; lastKnownFileType = sourcecode.c.h; path = ATAppContext.h; sourceTree = "<group>"; };
		9926290714ABA00600F0DD79 /* ATAppContext.m */ = {isa = PBXFileReference; fileEncoding = 4; lastKnownFileType = sourcecode.c.objc; path = ATAppContext.m; sourceTree = "<group>"; };
		9926290A14ABA06300F0DD79 /* ATResourceClient.h */ = {isa = PBXFileReference; fileEncoding = 4; lastKnownFileType = sourcecode.c.h; path = ATResourceClient.h; sourceTree = "<group>"; };
		9926290B14ABA06300F0DD79 /* ATResourceClient.m */ = {isa = PBXFileReference; fileEncoding = 4; lastKnownFileType = sourcecode.c.objc; path = ATResourceClient.m; sourceTree = "<group>"; };
		99348B9214F25C4600592123 /* RKClient+ATAdditions.h */ = {isa = PBXFileReference; fileEncoding = 4; lastKnownFileType = sourcecode.c.h; path = "RKClient+ATAdditions.h"; sourceTree = "<group>"; };
		99348BA014F25D5200592123 /* Atmosphere.h */ = {isa = PBXFileReference; fileEncoding = 4; lastKnownFileType = sourcecode.c.h; path = Atmosphere.h; sourceTree = "<group>"; };
		996DABCA15797193008B18B6 /* ATObjectDeleteRequest.h */ = {isa = PBXFileReference; fileEncoding = 4; lastKnownFileType = sourcecode.c.h; path = ATObjectDeleteRequest.h; sourceTree = "<group>"; };
		996DABCB15797193008B18B6 /* ATObjectDeleteRequest.m */ = {isa = PBXFileReference; fileEncoding = 4; lastKnownFileType = sourcecode.c.objc; path = ATObjectDeleteRequest.m; sourceTree = "<group>"; };
		997213CA14AC79490044B92B /* ATEntityFetchRequest.h */ = {isa = PBXFileReference; fileEncoding = 4; lastKnownFileType = sourcecode.c.h; path = ATEntityFetchRequest.h; sourceTree = "<group>"; };
		997213CB14AC79490044B92B /* ATEntityFetchRequest.m */ = {isa = PBXFileReference; fileEncoding = 4; lastKnownFileType = sourcecode.c.objc; path = ATEntityFetchRequest.m; sourceTree = "<group>"; };
		99759EB8152B59310001DB73 /* SocketIO.h */ = {isa = PBXFileReference; fileEncoding = 4; lastKnownFileType = sourcecode.c.h; path = SocketIO.h; sourceTree = "<group>"; };
		99759EB9152B59310001DB73 /* SocketIO.m */ = {isa = PBXFileReference; fileEncoding = 4; lastKnownFileType = sourcecode.c.objc; path = SocketIO.m; sourceTree = "<group>"; };
		9986E5BA145AE83800619A25 /* ATConnectionGuard.h */ = {isa = PBXFileReference; fileEncoding = 4; lastKnownFileType = sourcecode.c.h; path = ATConnectionGuard.h; sourceTree = "<group>"; };
		9986E5BB145AE83800619A25 /* ATConnectionGuard.m */ = {isa = PBXFileReference; fileEncoding = 4; lastKnownFileType = sourcecode.c.objc; path = ATConnectionGuard.m; sourceTree = "<group>"; };
		9998342C1455AB5100F1C436 /* Atmosphere.framework */ = {isa = PBXFileReference; explicitFileType = wrapper.framework; includeInIndex = 0; path = Atmosphere.framework; sourceTree = BUILT_PRODUCTS_DIR; };
		9998342F1455AB5100F1C436 /* Cocoa.framework */ = {isa = PBXFileReference; lastKnownFileType = wrapper.framework; name = Cocoa.framework; path = System/Library/Frameworks/Cocoa.framework; sourceTree = SDKROOT; };
		999834321455AB5100F1C436 /* AppKit.framework */ = {isa = PBXFileReference; lastKnownFileType = wrapper.framework; name = AppKit.framework; path = System/Library/Frameworks/AppKit.framework; sourceTree = SDKROOT; };
		999834331455AB5100F1C436 /* CoreData.framework */ = {isa = PBXFileReference; lastKnownFileType = wrapper.framework; name = CoreData.framework; path = System/Library/Frameworks/CoreData.framework; sourceTree = SDKROOT; };
		999834341455AB5100F1C436 /* Foundation.framework */ = {isa = PBXFileReference; lastKnownFileType = wrapper.framework; name = Foundation.framework; path = System/Library/Frameworks/Foundation.framework; sourceTree = SDKROOT; };
		999834371455AB5100F1C436 /* Atmosphere-Info.plist */ = {isa = PBXFileReference; lastKnownFileType = text.plist.xml; path = "Atmosphere-Info.plist"; sourceTree = "<group>"; };
		999834391455AB5100F1C436 /* en */ = {isa = PBXFileReference; lastKnownFileType = text.plist.strings; name = en; path = en.lproj/InfoPlist.strings; sourceTree = "<group>"; };
		9998343B1455AB5100F1C436 /* Atmosphere-Prefix.pch */ = {isa = PBXFileReference; lastKnownFileType = sourcecode.c.h; path = "Atmosphere-Prefix.pch"; sourceTree = "<group>"; };
		999834441455AB6C00F1C436 /* WebSocket.h */ = {isa = PBXFileReference; fileEncoding = 4; lastKnownFileType = sourcecode.c.h; path = WebSocket.h; sourceTree = "<group>"; };
		999834451455AB6C00F1C436 /* WebSocket.m */ = {isa = PBXFileReference; fileEncoding = 4; lastKnownFileType = sourcecode.c.objc; path = WebSocket.m; sourceTree = "<group>"; };
		999834481455AB6C00F1C436 /* ATSynchronizer.h */ = {isa = PBXFileReference; fileEncoding = 4; lastKnownFileType = sourcecode.c.h; path = ATSynchronizer.h; sourceTree = "<group>"; };
		999834491455AB6C00F1C436 /* ATSynchronizer.m */ = {isa = PBXFileReference; fileEncoding = 4; lastKnownFileType = sourcecode.c.objc; path = ATSynchronizer.m; sourceTree = "<group>"; };
		9998344A1455AB6C00F1C436 /* ATMessage.h */ = {isa = PBXFileReference; fileEncoding = 4; lastKnownFileType = sourcecode.c.h; path = ATMessage.h; sourceTree = "<group>"; };
		9998344B1455AB6C00F1C436 /* ATMessage.m */ = {isa = PBXFileReference; fileEncoding = 4; lastKnownFileType = sourcecode.c.objc; path = ATMessage.m; sourceTree = "<group>"; };
		9998344E1455AB6C00F1C436 /* NSManagedObject+ATAdditions.h */ = {isa = PBXFileReference; fileEncoding = 4; lastKnownFileType = sourcecode.c.h; path = "NSManagedObject+ATAdditions.h"; sourceTree = "<group>"; };
		9998344F1455AB6C00F1C436 /* NSManagedObject+ATAdditions.m */ = {isa = PBXFileReference; fileEncoding = 4; lastKnownFileType = sourcecode.c.objc; path = "NSManagedObject+ATAdditions.m"; sourceTree = "<group>"; };
		999C96A614F6062E00595FF1 /* ATMetaObject.h */ = {isa = PBXFileReference; fileEncoding = 4; lastKnownFileType = sourcecode.c.h; path = ATMetaObject.h; sourceTree = "<group>"; };
		999C96A714F6062E00595FF1 /* ATMetaObject.m */ = {isa = PBXFileReference; fileEncoding = 4; lastKnownFileType = sourcecode.c.objc; path = ATMetaObject.m; sourceTree = "<group>"; };
		999C96AA14F60ADD00595FF1 /* ATObjectSaveRequest.h */ = {isa = PBXFileReference; fileEncoding = 4; lastKnownFileType = sourcecode.c.h; path = ATObjectSaveRequest.h; sourceTree = "<group>"; };
		999C96AB14F60ADD00595FF1 /* ATObjectSaveRequest.m */ = {isa = PBXFileReference; fileEncoding = 4; lastKnownFileType = sourcecode.c.objc; path = ATObjectSaveRequest.m; sourceTree = "<group>"; };
		99BDBE351483A0AD00906F37 /* RNUtil.h */ = {isa = PBXFileReference; fileEncoding = 4; lastKnownFileType = sourcecode.c.h; path = RNUtil.h; sourceTree = "<group>"; };
		99BDBE361483A0AD00906F37 /* RNUtil.m */ = {isa = PBXFileReference; fileEncoding = 4; lastKnownFileType = sourcecode.c.objc; path = RNUtil.m; sourceTree = "<group>"; };
		99BDBE3D1483A0EF00906F37 /* NSData+Base64.h */ = {isa = PBXFileReference; fileEncoding = 4; lastKnownFileType = sourcecode.c.h; path = "NSData+Base64.h"; sourceTree = "<group>"; };
		99BDBE3E1483A0EF00906F37 /* NSData+Base64.m */ = {isa = PBXFileReference; fileEncoding = 4; lastKnownFileType = sourcecode.c.objc; path = "NSData+Base64.m"; sourceTree = "<group>"; };
		99BDBE3F1483A0EF00906F37 /* NSObject+Properties.h */ = {isa = PBXFileReference; fileEncoding = 4; lastKnownFileType = sourcecode.c.h; path = "NSObject+Properties.h"; sourceTree = "<group>"; };
		99BDBE401483A0EF00906F37 /* NSObject+Properties.m */ = {isa = PBXFileReference; fileEncoding = 4; lastKnownFileType = sourcecode.c.objc; path = "NSObject+Properties.m"; sourceTree = "<group>"; };
		99BDBE411483A0EF00906F37 /* NSString+PropertyKVC.h */ = {isa = PBXFileReference; fileEncoding = 4; lastKnownFileType = sourcecode.c.h; path = "NSString+PropertyKVC.h"; sourceTree = "<group>"; };
		99BDBE421483A0EF00906F37 /* NSString+PropertyKVC.m */ = {isa = PBXFileReference; fileEncoding = 4; lastKnownFileType = sourcecode.c.objc; path = "NSString+PropertyKVC.m"; sourceTree = "<group>"; };
		99BDBE491483A0F600906F37 /* ASLMessage.h */ = {isa = PBXFileReference; fileEncoding = 4; lastKnownFileType = sourcecode.c.h; path = ASLMessage.h; sourceTree = "<group>"; };
		99BDBE4A1483A0F600906F37 /* ASLMessage.m */ = {isa = PBXFileReference; fileEncoding = 4; lastKnownFileType = sourcecode.c.objc; path = ASLMessage.m; sourceTree = "<group>"; };
		99BDBE4B1483A0F600906F37 /* ASLogger.h */ = {isa = PBXFileReference; fileEncoding = 4; lastKnownFileType = sourcecode.c.h; path = ASLogger.h; sourceTree = "<group>"; };
		99BDBE4C1483A0F600906F37 /* ASLogger.m */ = {isa = PBXFileReference; fileEncoding = 4; lastKnownFileType = sourcecode.c.objc; path = ASLogger.m; sourceTree = "<group>"; };
		99BDBE4D1483A0F600906F37 /* ASLQuery.h */ = {isa = PBXFileReference; fileEncoding = 4; lastKnownFileType = sourcecode.c.h; path = ASLQuery.h; sourceTree = "<group>"; };
		99BDBE4E1483A0F600906F37 /* ASLQuery.m */ = {isa = PBXFileReference; fileEncoding = 4; lastKnownFileType = sourcecode.c.objc; path = ASLQuery.m; sourceTree = "<group>"; };
		99BDBE4F1483A0F600906F37 /* ASLResponse.h */ = {isa = PBXFileReference; fileEncoding = 4; lastKnownFileType = sourcecode.c.h; path = ASLResponse.h; sourceTree = "<group>"; };
		99BDBE501483A0F600906F37 /* ASLResponse.m */ = {isa = PBXFileReference; fileEncoding = 4; lastKnownFileType = sourcecode.c.objc; path = ASLResponse.m; sourceTree = "<group>"; };
		99BDBE591483A10000906F37 /* b64.h */ = {isa = PBXFileReference; fileEncoding = 4; lastKnownFileType = sourcecode.c.h; path = b64.h; sourceTree = "<group>"; };
		99BDBE5A1483A10000906F37 /* b64.m */ = {isa = PBXFileReference; fileEncoding = 4; lastKnownFileType = sourcecode.c.objc; path = b64.m; sourceTree = "<group>"; };
		99C752A614F2899900F543B0 /* ATObjectURI.h */ = {isa = PBXFileReference; fileEncoding = 4; lastKnownFileType = sourcecode.c.h; path = ATObjectURI.h; sourceTree = "<group>"; };
		99C752B414F28AB200F543B0 /* ATObjectURI.m */ = {isa = PBXFileReference; fileEncoding = 4; lastKnownFileType = sourcecode.c.objc; path = ATObjectURI.m; sourceTree = "<group>"; };
		99E8987C14A9CA2F001A1D60 /* libz.1.2.3.dylib */ = {isa = PBXFileReference; lastKnownFileType = "compiled.mach-o.dylib"; name = libz.1.2.3.dylib; path = SDKs/MacOSX10.6.sdk/usr/lib/libz.1.2.3.dylib; sourceTree = DEVELOPER_DIR; };
		99E8987E14A9CA72001A1D60 /* libicucore.dylib */ = {isa = PBXFileReference; lastKnownFileType = "compiled.mach-o.dylib"; name = libicucore.dylib; path = SDKs/MacOSX10.6.sdk/usr/lib/libicucore.dylib; sourceTree = DEVELOPER_DIR; };
		99E8988014A9CA93001A1D60 /* SystemConfiguration.framework */ = {isa = PBXFileReference; lastKnownFileType = wrapper.framework; name = SystemConfiguration.framework; path = SDKs/MacOSX10.6.sdk/System/Library/Frameworks/SystemConfiguration.framework; sourceTree = DEVELOPER_DIR; };
		99EDD24215795B8B00A748CB /* CoreData.framework */ = {isa = PBXFileReference; lastKnownFileType = wrapper.framework; name = CoreData.framework; path = Platforms/MacOSX.platform/Developer/SDKs/MacOSX10.6.sdk/System/Library/Frameworks/CoreData.framework; sourceTree = DEVELOPER_DIR; };
		99EDD24E15795E6900A748CB /* NSString+ATAdditions.h */ = {isa = PBXFileReference; fileEncoding = 4; lastKnownFileType = sourcecode.c.h; path = "NSString+ATAdditions.h"; sourceTree = "<group>"; };
		99EDD24F15795E6900A748CB /* NSString+ATAdditions.m */ = {isa = PBXFileReference; fileEncoding = 4; lastKnownFileType = sourcecode.c.objc; path = "NSString+ATAdditions.m"; sourceTree = "<group>"; };
		E24424ED9D2441E9929F0C9F /* libPods.a */ = {isa = PBXFileReference; explicitFileType = archive.ar; includeInIndex = 0; path = libPods.a; sourceTree = BUILT_PRODUCTS_DIR; };
/* End PBXFileReference section */

/* Begin PBXFrameworksBuildPhase section */
		999834281455AB5100F1C436 /* Frameworks */ = {
			isa = PBXFrameworksBuildPhase;
			buildActionMask = 2147483647;
			files = (
				99EDD24315795B8B00A748CB /* CoreData.framework in Frameworks */,
				99E8988114A9CA93001A1D60 /* SystemConfiguration.framework in Frameworks */,
				99E8987F14A9CA73001A1D60 /* libicucore.dylib in Frameworks */,
				99E8987D14A9CA2F001A1D60 /* libz.1.2.3.dylib in Frameworks */,
				999834301455AB5100F1C436 /* Cocoa.framework in Frameworks */,
				3876EDFB5B8A422CA9266BCF /* libPods.a in Frameworks */,
			);
			runOnlyForDeploymentPostprocessing = 0;
		};
/* End PBXFrameworksBuildPhase section */

/* Begin PBXGroup section */
		9926290414AB9E4300F0DD79 /* Message Client */ = {
			isa = PBXGroup;
			children = (
				992628EA14AB9D6400F0DD79 /* ATMessageClient.h */,
				992628EB14AB9D6400F0DD79 /* ATMessageClient.m */,
				9998344A1455AB6C00F1C436 /* ATMessage.h */,
				9998344B1455AB6C00F1C436 /* ATMessage.m */,
				9986E5BA145AE83800619A25 /* ATConnectionGuard.h */,
				9986E5BB145AE83800619A25 /* ATConnectionGuard.m */,
			);
			name = "Message Client";
			sourceTree = "<group>";
		};
		9926290514AB9E5600F0DD79 /* Data Store */ = {
			isa = PBXGroup;
			children = (
				9926290614ABA00600F0DD79 /* ATAppContext.h */,
				9926290714ABA00600F0DD79 /* ATAppContext.m */,
				9921BA5614AC9B19000A6D5F /* ATAttributeMapper.h */,
				9921BA5714AC9B19000A6D5F /* ATAttributeMapper.m */,
				9921BA4614AC8629000A6D5F /* NSManagedObject+ATActiveRecord.h */,
				9921BA4714AC8629000A6D5F /* NSManagedObject+ATActiveRecord.m */,
				9998344E1455AB6C00F1C436 /* NSManagedObject+ATAdditions.h */,
				9998344F1455AB6C00F1C436 /* NSManagedObject+ATAdditions.m */,
				992628D614AB999A00F0DD79 /* ATMetaContext.h */,
				992628D714AB999A00F0DD79 /* ATMetaContext.m */,
				999C96A614F6062E00595FF1 /* ATMetaObject.h */,
				999C96A714F6062E00595FF1 /* ATMetaObject.m */,
			);
			name = "Data Store";
			sourceTree = "<group>";
		};
		9926290E14ABA06700F0DD79 /* Resource Client */ = {
			isa = PBXGroup;
			children = (
				99348B9214F25C4600592123 /* RKClient+ATAdditions.h */,
				9926290A14ABA06300F0DD79 /* ATResourceClient.h */,
				9926290B14ABA06300F0DD79 /* ATResourceClient.m */,
				997213CA14AC79490044B92B /* ATEntityFetchRequest.h */,
				997213CB14AC79490044B92B /* ATEntityFetchRequest.m */,
				999C96AA14F60ADD00595FF1 /* ATObjectSaveRequest.h */,
				999C96AB14F60ADD00595FF1 /* ATObjectSaveRequest.m */,
				996DABCA15797193008B18B6 /* ATObjectDeleteRequest.h */,
				996DABCB15797193008B18B6 /* ATObjectDeleteRequest.m */,
			);
			name = "Resource Client";
			sourceTree = "<group>";
		};
		99759EB4152B59310001DB73 /* SocketIO */ = {
			isa = PBXGroup;
			children = (
				99759EB8152B59310001DB73 /* SocketIO.h */,
				99759EB9152B59310001DB73 /* SocketIO.m */,
			);
			path = SocketIO;
			sourceTree = SOURCE_ROOT;
		};
		999834201455AB5100F1C436 = {
			isa = PBXGroup;
			children = (
				99EDD24215795B8B00A748CB /* CoreData.framework */,
				99112958152B7D5500634371 /* Security.framework */,
				99E8988014A9CA93001A1D60 /* SystemConfiguration.framework */,
				99E8987E14A9CA72001A1D60 /* libicucore.dylib */,
				99E8987C14A9CA2F001A1D60 /* libz.1.2.3.dylib */,
				9998345C1455AB7400F1C436 /* Vendor */,
				999834361455AB5100F1C436 /* Supporting Files */,
				999834351455AB5100F1C436 /* Atmosphere */,
				9998342E1455AB5100F1C436 /* Frameworks */,
				9998342D1455AB5100F1C436 /* Products */,
				1688AB4DEFDF4E1A98C893CD /* Pods.xcconfig */,
			);
			sourceTree = "<group>";
		};
		9998342D1455AB5100F1C436 /* Products */ = {
			isa = PBXGroup;
			children = (
				9998342C1455AB5100F1C436 /* Atmosphere.framework */,
			);
			name = Products;
			sourceTree = "<group>";
		};
		9998342E1455AB5100F1C436 /* Frameworks */ = {
			isa = PBXGroup;
			children = (
				9998342F1455AB5100F1C436 /* Cocoa.framework */,
				999834311455AB5100F1C436 /* Other Frameworks */,
				E24424ED9D2441E9929F0C9F /* libPods.a */,
			);
			name = Frameworks;
			sourceTree = "<group>";
		};
		999834311455AB5100F1C436 /* Other Frameworks */ = {
			isa = PBXGroup;
			children = (
				999834321455AB5100F1C436 /* AppKit.framework */,
				999834331455AB5100F1C436 /* CoreData.framework */,
				999834341455AB5100F1C436 /* Foundation.framework */,
			);
			name = "Other Frameworks";
			sourceTree = "<group>";
		};
		999834351455AB5100F1C436 /* Atmosphere */ = {
			isa = PBXGroup;
			children = (
				99348BA014F25D5200592123 /* Atmosphere.h */,
				999834481455AB6C00F1C436 /* ATSynchronizer.h */,
				999834491455AB6C00F1C436 /* ATSynchronizer.m */,
				99C752A614F2899900F543B0 /* ATObjectURI.h */,
				99C752B414F28AB200F543B0 /* ATObjectURI.m */,
				992628E614AB9B4D00F0DD79 /* ATMappingHelper.h */,
				992628E714AB9B4D00F0DD79 /* ATMappingHelper.m */,
				9926290414AB9E4300F0DD79 /* Message Client */,
				9926290E14ABA06700F0DD79 /* Resource Client */,
				9926290514AB9E5600F0DD79 /* Data Store */,
				99EDD24E15795E6900A748CB /* NSString+ATAdditions.h */,
				99EDD24F15795E6900A748CB /* NSString+ATAdditions.m */,
			);
			path = Atmosphere;
			sourceTree = "<group>";
		};
		999834361455AB5100F1C436 /* Supporting Files */ = {
			isa = PBXGroup;
			children = (
				999834371455AB5100F1C436 /* Atmosphere-Info.plist */,
				999834381455AB5100F1C436 /* InfoPlist.strings */,
				9998343B1455AB5100F1C436 /* Atmosphere-Prefix.pch */,
			);
			name = "Supporting Files";
			path = Atmosphere;
			sourceTree = "<group>";
		};
		9998345C1455AB7400F1C436 /* Vendor */ = {
			isa = PBXGroup;
			children = (
				99759EB4152B59310001DB73 /* SocketIO */,
				99E8983214A9C6F2001A1D60 /* WebSocket */,
				99BDBE3C1483A0E300906F37 /* ASLogger */,
				99BDBE341483A09300906F37 /* RNUtil */,
			);
			name = Vendor;
			path = Atmosphere;
			sourceTree = "<group>";
		};
		99BDBE341483A09300906F37 /* RNUtil */ = {
			isa = PBXGroup;
			children = (
				99BDBE351483A0AD00906F37 /* RNUtil.h */,
				99BDBE361483A0AD00906F37 /* RNUtil.m */,
			);
			name = RNUtil;
			sourceTree = "<group>";
		};
		99BDBE3C1483A0E300906F37 /* ASLogger */ = {
			isa = PBXGroup;
			children = (
				99BDBE591483A10000906F37 /* b64.h */,
				99BDBE5A1483A10000906F37 /* b64.m */,
				99BDBE3D1483A0EF00906F37 /* NSData+Base64.h */,
				99BDBE3E1483A0EF00906F37 /* NSData+Base64.m */,
				99BDBE3F1483A0EF00906F37 /* NSObject+Properties.h */,
				99BDBE401483A0EF00906F37 /* NSObject+Properties.m */,
				99BDBE411483A0EF00906F37 /* NSString+PropertyKVC.h */,
				99BDBE421483A0EF00906F37 /* NSString+PropertyKVC.m */,
				99BDBE491483A0F600906F37 /* ASLMessage.h */,
				99BDBE4A1483A0F600906F37 /* ASLMessage.m */,
				99BDBE4B1483A0F600906F37 /* ASLogger.h */,
				99BDBE4C1483A0F600906F37 /* ASLogger.m */,
				99BDBE4D1483A0F600906F37 /* ASLQuery.h */,
				99BDBE4E1483A0F600906F37 /* ASLQuery.m */,
				99BDBE4F1483A0F600906F37 /* ASLResponse.h */,
				99BDBE501483A0F600906F37 /* ASLResponse.m */,
			);
			name = ASLogger;
			sourceTree = "<group>";
		};
		99E8983214A9C6F2001A1D60 /* WebSocket */ = {
			isa = PBXGroup;
			children = (
				999834441455AB6C00F1C436 /* WebSocket.h */,
				999834451455AB6C00F1C436 /* WebSocket.m */,
			);
			name = WebSocket;
			sourceTree = "<group>";
		};
/* End PBXGroup section */

/* Begin PBXHeadersBuildPhase section */
		999834291455AB5100F1C436 /* Headers */ = {
			isa = PBXHeadersBuildPhase;
			buildActionMask = 2147483647;
			files = (
				999834541455AB6C00F1C436 /* ATSynchronizer.h in Headers */,
				999834501455AB6C00F1C436 /* WebSocket.h in Headers */,
				999834561455AB6C00F1C436 /* ATMessage.h in Headers */,
				9998345A1455AB6C00F1C436 /* NSManagedObject+ATAdditions.h in Headers */,
				9986E5BC145AE83800619A25 /* ATConnectionGuard.h in Headers */,
				99BDBE371483A0AD00906F37 /* RNUtil.h in Headers */,
				992628D814AB999A00F0DD79 /* ATMetaContext.h in Headers */,
				992628E814AB9B4D00F0DD79 /* ATMappingHelper.h in Headers */,
				992628EC14AB9D6400F0DD79 /* ATMessageClient.h in Headers */,
				9926290814ABA00600F0DD79 /* ATAppContext.h in Headers */,
				9926290C14ABA06300F0DD79 /* ATResourceClient.h in Headers */,
				99BDBE431483A0EF00906F37 /* NSData+Base64.h in Headers */,
				99BDBE451483A0EF00906F37 /* NSObject+Properties.h in Headers */,
				99BDBE471483A0EF00906F37 /* NSString+PropertyKVC.h in Headers */,
				99BDBE511483A0F600906F37 /* ASLMessage.h in Headers */,
				99BDBE531483A0F600906F37 /* ASLogger.h in Headers */,
				997213CC14AC79490044B92B /* ATEntityFetchRequest.h in Headers */,
				9921BA4814AC8629000A6D5F /* NSManagedObject+ATActiveRecord.h in Headers */,
				9921BA5814AC9B19000A6D5F /* ATAttributeMapper.h in Headers */,
				99BDBE551483A0F600906F37 /* ASLQuery.h in Headers */,
				99348BA114F25D5200592123 /* Atmosphere.h in Headers */,
				99BDBE571483A0F600906F37 /* ASLResponse.h in Headers */,
				99BDBE5B1483A10000906F37 /* b64.h in Headers */,
				99C752A714F2899900F543B0 /* ATObjectURI.h in Headers */,
				99348B9314F25C4600592123 /* RKClient+ATAdditions.h in Headers */,
				999C96A814F6062E00595FF1 /* ATMetaObject.h in Headers */,
				999C96AC14F60ADD00595FF1 /* ATObjectSaveRequest.h in Headers */,
				99759EBD152B59310001DB73 /* SocketIO.h in Headers */,
				99EDD25015795E6900A748CB /* NSString+ATAdditions.h in Headers */,
				996DABCC15797193008B18B6 /* ATObjectDeleteRequest.h in Headers */,
			);
			runOnlyForDeploymentPostprocessing = 0;
		};
/* End PBXHeadersBuildPhase section */

/* Begin PBXNativeTarget section */
		9998342B1455AB5100F1C436 /* Atmosphere */ = {
			isa = PBXNativeTarget;
			buildConfigurationList = 999834411455AB5100F1C436 /* Build configuration list for PBXNativeTarget "Atmosphere" */;
			buildPhases = (
				999834281455AB5100F1C436 /* Frameworks */,
				999834271455AB5100F1C436 /* Sources */,
				999834291455AB5100F1C436 /* Headers */,
				9998342A1455AB5100F1C436 /* Resources */,
				991DBC981477B9DE00E084C5 /* CopyFiles */,
				E5899AD838234850BF5AFBDB /* Copy Pods Resources */,
			);
			buildRules = (
			);
			dependencies = (
			);
			name = Atmosphere;
			productName = Atmosphere;
			productReference = 9998342C1455AB5100F1C436 /* Atmosphere.framework */;
			productType = "com.apple.product-type.framework";
		};
/* End PBXNativeTarget section */

/* Begin PBXProject section */
		999834221455AB5100F1C436 /* Project object */ = {
			isa = PBXProject;
			attributes = {
				LastUpgradeCheck = 0410;
			};
			buildConfigurationList = 999834251455AB5100F1C436 /* Build configuration list for PBXProject "Atmosphere" */;
			compatibilityVersion = "Xcode 3.2";
			developmentRegion = English;
			hasScannedForEncodings = 0;
			knownRegions = (
				en,
			);
			mainGroup = 999834201455AB5100F1C436;
			productRefGroup = 9998342D1455AB5100F1C436 /* Products */;
			projectDirPath = "";
			projectRoot = "";
			targets = (
				9998342B1455AB5100F1C436 /* Atmosphere */,
			);
		};
/* End PBXProject section */

/* Begin PBXResourcesBuildPhase section */
		9998342A1455AB5100F1C436 /* Resources */ = {
			isa = PBXResourcesBuildPhase;
			buildActionMask = 2147483647;
			files = (
				9998343A1455AB5100F1C436 /* InfoPlist.strings in Resources */,
			);
			runOnlyForDeploymentPostprocessing = 0;
		};
/* End PBXResourcesBuildPhase section */

/* Begin PBXShellScriptBuildPhase section */
		E5899AD838234850BF5AFBDB /* Copy Pods Resources */ = {
			isa = PBXShellScriptBuildPhase;
			buildActionMask = 2147483647;
			files = (
			);
			inputPaths = (
			);
			name = "Copy Pods Resources";
			outputPaths = (
			);
			runOnlyForDeploymentPostprocessing = 0;
			shellPath = /bin/sh;
			shellScript = "\"${SRCROOT}/Pods/Pods-resources.sh\"\n";
		};
/* End PBXShellScriptBuildPhase section */

/* Begin PBXSourcesBuildPhase section */
		999834271455AB5100F1C436 /* Sources */ = {
			isa = PBXSourcesBuildPhase;
			buildActionMask = 2147483647;
			files = (
				99BDBE521483A0F600906F37 /* ASLMessage.m in Sources */,
				999834511455AB6C00F1C436 /* WebSocket.m in Sources */,
				999834551455AB6C00F1C436 /* ATSynchronizer.m in Sources */,
				999834571455AB6C00F1C436 /* ATMessage.m in Sources */,
				9998345B1455AB6C00F1C436 /* NSManagedObject+ATAdditions.m in Sources */,
				9986E5BD145AE83800619A25 /* ATConnectionGuard.m in Sources */,
				99BDBE381483A0AD00906F37 /* RNUtil.m in Sources */,
				99BDBE441483A0EF00906F37 /* NSData+Base64.m in Sources */,
				99BDBE461483A0EF00906F37 /* NSObject+Properties.m in Sources */,
				99BDBE481483A0EF00906F37 /* NSString+PropertyKVC.m in Sources */,
				99BDBE541483A0F600906F37 /* ASLogger.m in Sources */,
				99BDBE561483A0F600906F37 /* ASLQuery.m in Sources */,
				99BDBE581483A0F600906F37 /* ASLResponse.m in Sources */,
				99BDBE5C1483A10000906F37 /* b64.m in Sources */,
				992628D914AB999A00F0DD79 /* ATMetaContext.m in Sources */,
				992628E914AB9B4D00F0DD79 /* ATMappingHelper.m in Sources */,
				992628ED14AB9D6400F0DD79 /* ATMessageClient.m in Sources */,
				9926290914ABA00600F0DD79 /* ATAppContext.m in Sources */,
				9926290D14ABA06300F0DD79 /* ATResourceClient.m in Sources */,
				997213CD14AC79490044B92B /* ATEntityFetchRequest.m in Sources */,
				9921BA4914AC8629000A6D5F /* NSManagedObject+ATActiveRecord.m in Sources */,
				9921BA5914AC9B19000A6D5F /* ATAttributeMapper.m in Sources */,
				99C752B514F28AB200F543B0 /* ATObjectURI.m in Sources */,
				999C96A914F6062E00595FF1 /* ATMetaObject.m in Sources */,
				999C96AD14F60ADD00595FF1 /* ATObjectSaveRequest.m in Sources */,
				99759EBE152B59310001DB73 /* SocketIO.m in Sources */,
				99EDD25115795E6900A748CB /* NSString+ATAdditions.m in Sources */,
				996DABCD15797193008B18B6 /* ATObjectDeleteRequest.m in Sources */,
			);
			runOnlyForDeploymentPostprocessing = 0;
		};
/* End PBXSourcesBuildPhase section */

/* Begin PBXVariantGroup section */
		999834381455AB5100F1C436 /* InfoPlist.strings */ = {
			isa = PBXVariantGroup;
			children = (
				999834391455AB5100F1C436 /* en */,
			);
			name = InfoPlist.strings;
			sourceTree = "<group>";
		};
/* End PBXVariantGroup section */

/* Begin XCBuildConfiguration section */
		9998343F1455AB5100F1C436 /* Debug */ = {
			isa = XCBuildConfiguration;
			buildSettings = {
				ALWAYS_SEARCH_USER_PATHS = NO;
				ARCHS = "$(ARCHS_STANDARD_64_BIT)";
				CODE_SIGN_ENTITLEMENTS = "";
				CODE_SIGN_IDENTITY = "3rd Party Mac Developer Application";
				COPY_PHASE_STRIP = NO;
				GCC_C_LANGUAGE_STANDARD = gnu99;
				GCC_DYNAMIC_NO_PIC = NO;
				GCC_ENABLE_OBJC_EXCEPTIONS = YES;
				GCC_OPTIMIZATION_LEVEL = 0;
				GCC_PREPROCESSOR_DEFINITIONS = (
					"DEBUG=1",
					"$(inherited)",
				);
				GCC_SYMBOLS_PRIVATE_EXTERN = NO;
				GCC_VERSION = com.apple.compilers.llvm.clang.1_0;
				GCC_WARN_64_TO_32_BIT_CONVERSION = YES;
				GCC_WARN_ABOUT_MISSING_PROTOTYPES = YES;
				GCC_WARN_ABOUT_RETURN_TYPE = YES;
				GCC_WARN_UNUSED_VARIABLE = YES;
				MACOSX_DEPLOYMENT_TARGET = 10.6;
				ONLY_ACTIVE_ARCH = YES;
				PROVISIONING_PROFILE = "";
				SDKROOT = macosx;
			};
			name = Debug;
		};
		999834401455AB5100F1C436 /* Release */ = {
			isa = XCBuildConfiguration;
			buildSettings = {
				ALWAYS_SEARCH_USER_PATHS = NO;
				ARCHS = "$(ARCHS_STANDARD_64_BIT)";
				CODE_SIGN_ENTITLEMENTS = "";
				CODE_SIGN_IDENTITY = "3rd Party Mac Developer Application";
				COPY_PHASE_STRIP = YES;
				DEBUG_INFORMATION_FORMAT = "dwarf-with-dsym";
				GCC_C_LANGUAGE_STANDARD = gnu99;
				GCC_ENABLE_OBJC_EXCEPTIONS = YES;
				GCC_VERSION = com.apple.compilers.llvm.clang.1_0;
				GCC_WARN_64_TO_32_BIT_CONVERSION = YES;
				GCC_WARN_ABOUT_MISSING_PROTOTYPES = YES;
				GCC_WARN_ABOUT_RETURN_TYPE = YES;
				GCC_WARN_UNUSED_VARIABLE = YES;
				MACOSX_DEPLOYMENT_TARGET = 10.6;
				PROVISIONING_PROFILE = "";
				SDKROOT = macosx;
			};
			name = Release;
		};
		999834421455AB5100F1C436 /* Debug */ = {
			isa = XCBuildConfiguration;
			baseConfigurationReference = 1688AB4DEFDF4E1A98C893CD /* Pods.xcconfig */;
			buildSettings = {
				ARCHS = "$(ARCHS_STANDARD_32_64_BIT)";
				CLANG_ENABLE_OBJC_ARC = NO;
				DSTROOT = /tmp/xcodeproj.dst;
				DYLIB_COMPATIBILITY_VERSION = 1;
				DYLIB_CURRENT_VERSION = 1;
				FRAMEWORK_VERSION = A;
				GCC_PRECOMPILE_PREFIX_HEADER = YES;
				GCC_PREFIX_HEADER = "Atmosphere/Atmosphere-Prefix.pch";
				GCC_VERSION = com.apple.compilers.llvm.clang.1_0;
				INFOPLIST_FILE = "Atmosphere/Atmosphere-Info.plist";
				INSTALL_PATH = "@executable_path/../Frameworks";
				PRODUCT_NAME = "$(TARGET_NAME)";
				SDKROOT = macosx10.6;
				SKIP_INSTALL = YES;
				SUPPORTED_PLATFORMS = "iphoneos iphonesimulator macosx";
				VALID_ARCHS = "armv7 armv6 i386 x86_64";
				WRAPPER_EXTENSION = framework;
			};
			name = Debug;
		};
		999834431455AB5100F1C436 /* Release */ = {
			isa = XCBuildConfiguration;
			baseConfigurationReference = 1688AB4DEFDF4E1A98C893CD /* Pods.xcconfig */;
			buildSettings = {
				ARCHS = "$(ARCHS_STANDARD_32_64_BIT)";
				CLANG_ENABLE_OBJC_ARC = NO;
				DSTROOT = /tmp/xcodeproj.dst;
				DYLIB_COMPATIBILITY_VERSION = 1;
				DYLIB_CURRENT_VERSION = 1;
				FRAMEWORK_VERSION = A;
				GCC_PRECOMPILE_PREFIX_HEADER = YES;
				GCC_PREFIX_HEADER = "Atmosphere/Atmosphere-Prefix.pch";
				GCC_VERSION = com.apple.compilers.llvm.clang.1_0;
				INFOPLIST_FILE = "Atmosphere/Atmosphere-Info.plist";
				INSTALL_PATH = "@executable_path/../Frameworks";
				PRODUCT_NAME = "$(TARGET_NAME)";
				SDKROOT = macosx10.6;
				SKIP_INSTALL = YES;
				SUPPORTED_PLATFORMS = "iphoneos iphonesimulator macosx";
				VALID_ARCHS = "armv7 armv6 i386 x86_64";
				WRAPPER_EXTENSION = framework;
			};
			name = Release;
		};
/* End XCBuildConfiguration section */

/* Begin XCConfigurationList section */
		999834251455AB5100F1C436 /* Build configuration list for PBXProject "Atmosphere" */ = {
			isa = XCConfigurationList;
			buildConfigurations = (
				9998343F1455AB5100F1C436 /* Debug */,
				999834401455AB5100F1C436 /* Release */,
			);
			defaultConfigurationIsVisible = 0;
			defaultConfigurationName = Release;
		};
		999834411455AB5100F1C436 /* Build configuration list for PBXNativeTarget "Atmosphere" */ = {
			isa = XCConfigurationList;
			buildConfigurations = (
				999834421455AB5100F1C436 /* Debug */,
				999834431455AB5100F1C436 /* Release */,
			);
			defaultConfigurationIsVisible = 0;
			defaultConfigurationName = Release;
		};
/* End XCConfigurationList section */
	};
	rootObject = 999834221455AB5100F1C436 /* Project object */;
}
